
Microsoft Visual Studio Solution File, Format Version 12.00
# Visual Studio Version 16
VisualStudioVersion = 16.0.30611.23
MinimumVisualStudioVersion = 10.0.40219.1
Project("{FAE04EC0-301F-11D3-BF4B-00C04F79EFBC}") = "dotNet5781_02_8458_0254", "dotNet5781_02_8458_0254\dotNet5781_02_8458_0254.csproj", "{81D6CD19-F840-4FC3-8A46-252E4947E1A1}"
EndProject
Global
	GlobalSection(SolutionConfigurationPlatforms) = preSolution
		Debug|Any CPU = Debug|Any CPU
		Release|Any CPU = Release|Any CPU
	EndGlobalSection
	GlobalSection(ProjectConfigurationPlatforms) = postSolution
		{81D6CD19-F840-4FC3-8A46-252E4947E1A1}.Debug|Any CPU.ActiveCfg = Debug|Any CPU
		{81D6CD19-F840-4FC3-8A46-252E4947E1A1}.Debug|Any CPU.Build.0 = Debug|Any CPU
		{81D6CD19-F840-4FC3-8A46-252E4947E1A1}.Release|Any CPU.ActiveCfg = Release|Any CPU
		{81D6CD19-F840-4FC3-8A46-252E4947E1A1}.Release|Any CPU.Build.0 = Release|Any CPU
	EndGlobalSection
	GlobalSection(SolutionProperties) = preSolution
		HideSolutionNode = FALSE
	EndGlobalSection
	GlobalSection(ExtensibilityGlobals) = postSolution
		SolutionGuid = {117ED4F3-DCD3-463D-A9E1-C7DECA19E466}
	EndGlobalSection
EndGlobal
