
Microsoft Visual Studio Solution File, Format Version 12.00
# Visual Studio Version 16
VisualStudioVersion = 16.0.30611.23
MinimumVisualStudioVersion = 10.0.40219.1
Project("{FAE04EC0-301F-11D3-BF4B-00C04F79EFBC}") = "dotNet5781_01_8458_0254", "dotNet5781_01_8458_0254\dotNet5781_01_8458_0254.csproj", "{26B14067-F161-4036-A002-EC835E3AA544}"
EndProject
Global
	GlobalSection(SolutionConfigurationPlatforms) = preSolution
		Debug|Any CPU = Debug|Any CPU
		Release|Any CPU = Release|Any CPU
	EndGlobalSection
	GlobalSection(ProjectConfigurationPlatforms) = postSolution
		{26B14067-F161-4036-A002-EC835E3AA544}.Debug|Any CPU.ActiveCfg = Debug|Any CPU
		{26B14067-F161-4036-A002-EC835E3AA544}.Debug|Any CPU.Build.0 = Debug|Any CPU
		{26B14067-F161-4036-A002-EC835E3AA544}.Release|Any CPU.ActiveCfg = Release|Any CPU
		{26B14067-F161-4036-A002-EC835E3AA544}.Release|Any CPU.Build.0 = Release|Any CPU
	EndGlobalSection
	GlobalSection(SolutionProperties) = preSolution
		HideSolutionNode = FALSE
	EndGlobalSection
	GlobalSection(ExtensibilityGlobals) = postSolution
		SolutionGuid = {24894591-D60A-41BD-BD01-D731A54B3179}
	EndGlobalSection
EndGlobal
